
Microsoft Visual Studio Solution File, Format Version 12.00
# Visual Studio Version 16
VisualStudioVersion = 16.0.32126.315
MinimumVisualStudioVersion = 10.0.40219.1
Project("{FAE04EC0-301F-11D3-BF4B-00C04F79EFBC}") = "IfCsharp", "IfCsharp\IfCsharp.csproj", "{220F57FF-CED3-4B7D-9190-6A86C72E9B28}"
EndProject
Global
	GlobalSection(SolutionConfigurationPlatforms) = preSolution
		Debug|Any CPU = Debug|Any CPU
		Release|Any CPU = Release|Any CPU
	EndGlobalSection
	GlobalSection(ProjectConfigurationPlatforms) = postSolution
		{220F57FF-CED3-4B7D-9190-6A86C72E9B28}.Debug|Any CPU.ActiveCfg = Debug|Any CPU
		{220F57FF-CED3-4B7D-9190-6A86C72E9B28}.Debug|Any CPU.Build.0 = Debug|Any CPU
		{220F57FF-CED3-4B7D-9190-6A86C72E9B28}.Release|Any CPU.ActiveCfg = Release|Any CPU
		{220F57FF-CED3-4B7D-9190-6A86C72E9B28}.Release|Any CPU.Build.0 = Release|Any CPU
	EndGlobalSection
	GlobalSection(SolutionProperties) = preSolution
		HideSolutionNode = FALSE
	EndGlobalSection
	GlobalSection(ExtensibilityGlobals) = postSolution
		SolutionGuid = {E4ACE7B7-0A03-4FE2-BDB5-A28815662F49}
	EndGlobalSection
EndGlobal
